
Microsoft Visual Studio Solution File, Format Version 12.00
# Visual Studio Version 17
VisualStudioVersion = 17.11.35222.181
MinimumVisualStudioVersion = 10.0.40219.1
Project("{FAE04EC0-301F-11D3-BF4B-00C04F79EFBC}") = "SelectAllTextBug.Droid", "SelectAllTextBug\SelectAllTextBug.Droid\SelectAllTextBug.Droid.csproj", "{5C45C2C8-0284-4EC4-8E64-A9DB8E79DA12}"
EndProject
Project("{FAE04EC0-301F-11D3-BF4B-00C04F79EFBC}") = "SelectAllTextBug.iOS", "SelectAllTextBug\SelectAllTextBug.iOS\SelectAllTextBug.iOS.csproj", "{02E363DD-D205-484C-8914-4E166153E499}"
EndProject
Project("{9A19103F-16F7-4668-BE54-9A1E7A4F7556}") = "SelectAllTextBug", "SelectAllTextBug\SelectAllTextBug\SelectAllTextBug.csproj", "{04A096D2-8FDB-4DAB-A146-2F5434EE8B83}"
EndProject
Global
	GlobalSection(SolutionConfigurationPlatforms) = preSolution
		Debug|Any CPU = Debug|Any CPU
		Release|Any CPU = Release|Any CPU
	EndGlobalSection
	GlobalSection(ProjectConfigurationPlatforms) = postSolution
		{5C45C2C8-0284-4EC4-8E64-A9DB8E79DA12}.Debug|Any CPU.ActiveCfg = Debug|Any CPU
		{5C45C2C8-0284-4EC4-8E64-A9DB8E79DA12}.Debug|Any CPU.Build.0 = Debug|Any CPU
		{5C45C2C8-0284-4EC4-8E64-A9DB8E79DA12}.Debug|Any CPU.Deploy.0 = Debug|Any CPU
		{5C45C2C8-0284-4EC4-8E64-A9DB8E79DA12}.Release|Any CPU.ActiveCfg = Release|Any CPU
		{5C45C2C8-0284-4EC4-8E64-A9DB8E79DA12}.Release|Any CPU.Build.0 = Release|Any CPU
		{5C45C2C8-0284-4EC4-8E64-A9DB8E79DA12}.Release|Any CPU.Deploy.0 = Release|Any CPU
		{02E363DD-D205-484C-8914-4E166153E499}.Debug|Any CPU.ActiveCfg = Debug|Any CPU
		{02E363DD-D205-484C-8914-4E166153E499}.Debug|Any CPU.Build.0 = Debug|Any CPU
		{02E363DD-D205-484C-8914-4E166153E499}.Debug|Any CPU.Deploy.0 = Debug|Any CPU
		{02E363DD-D205-484C-8914-4E166153E499}.Release|Any CPU.ActiveCfg = Release|Any CPU
		{02E363DD-D205-484C-8914-4E166153E499}.Release|Any CPU.Build.0 = Release|Any CPU
		{02E363DD-D205-484C-8914-4E166153E499}.Release|Any CPU.Deploy.0 = Release|Any CPU
		{04A096D2-8FDB-4DAB-A146-2F5434EE8B83}.Debug|Any CPU.ActiveCfg = Debug|Any CPU
		{04A096D2-8FDB-4DAB-A146-2F5434EE8B83}.Debug|Any CPU.Build.0 = Debug|Any CPU
		{04A096D2-8FDB-4DAB-A146-2F5434EE8B83}.Release|Any CPU.ActiveCfg = Release|Any CPU
		{04A096D2-8FDB-4DAB-A146-2F5434EE8B83}.Release|Any CPU.Build.0 = Release|Any CPU
	EndGlobalSection
	GlobalSection(SolutionProperties) = preSolution
		HideSolutionNode = FALSE
	EndGlobalSection
	GlobalSection(ExtensibilityGlobals) = postSolution
		SolutionGuid = {0AB9F58E-A004-4890-AE2D-3179C3F292D8}
	EndGlobalSection
EndGlobal
